{
  "name": "babel-plugin-intuitional-test-parse",
  "version": "0.0.0",
  "lockfileVersion": 1,
  "requires": true,
  "dependencies": {
    "jsdoc-regex": {
      "version": "1.0.1",
      "resolved": "https://registry.npmjs.org/jsdoc-regex/-/jsdoc-regex-1.0.1.tgz",
      "integrity": "sha1-hCRCjVtWOtjFx/vsB5uaiwnI3Po="
    }
  }
}
